
Microsoft Visual Studio Solution File, Format Version 12.00
# Visual Studio Version 17
VisualStudioVersion = 17.5.33424.131
MinimumVisualStudioVersion = 10.0.40219.1
Project("{9A19103F-16F7-4668-BE54-9A1E7A4F7556}") = "CanhGac", "CanhGac.csproj", "{754E5D54-8B36-446C-9547-2968663D7519}"
EndProject
Global
	GlobalSection(SolutionConfigurationPlatforms) = preSolution
		Debug|Any CPU = Debug|Any CPU
		Release|Any CPU = Release|Any CPU
	EndGlobalSection
	GlobalSection(ProjectConfigurationPlatforms) = postSolution
		{754E5D54-8B36-446C-9547-2968663D7519}.Debug|Any CPU.ActiveCfg = Debug|Any CPU
		{754E5D54-8B36-446C-9547-2968663D7519}.Debug|Any CPU.Build.0 = Debug|Any CPU
		{754E5D54-8B36-446C-9547-2968663D7519}.Release|Any CPU.ActiveCfg = Release|Any CPU
		{754E5D54-8B36-446C-9547-2968663D7519}.Release|Any CPU.Build.0 = Release|Any CPU
	EndGlobalSection
	GlobalSection(SolutionProperties) = preSolution
		HideSolutionNode = FALSE
	EndGlobalSection
	GlobalSection(ExtensibilityGlobals) = postSolution
		SolutionGuid = {C614BA81-5195-4D25-B981-E8FE484C042C}
	EndGlobalSection
EndGlobal
